
Microsoft Visual Studio Solution File, Format Version 12.00
# Visual Studio Version 17
VisualStudioVersion = 17.0.31612.314
MinimumVisualStudioVersion = 10.0.40219.1
Project("{FAE04EC0-301F-11D3-BF4B-00C04F79EFBC}") = "SisMaper", "SisMaper\SisMaper.csproj", "{ED00E4F6-34E7-4FE6-99F2-23B76A28490E}"
EndProject
Project("{FAE04EC0-301F-11D3-BF4B-00C04F79EFBC}") = "Persistence", "..\Persistence\Persistence.csproj", "{C1B82069-C2E7-4CD2-B2F5-0EE1AF2D34C9}"
EndProject
Project("{FAE04EC0-301F-11D3-BF4B-00C04F79EFBC}") = "MySqlConnector", "..\MySqlConnector\MySqlConnector.csproj", "{A073FB9B-584E-4A3B-8A17-C374D6B2E237}"
EndProject
Global
	GlobalSection(SolutionConfigurationPlatforms) = preSolution
		Debug|Any CPU = Debug|Any CPU
		Release|Any CPU = Release|Any CPU
	EndGlobalSection
	GlobalSection(ProjectConfigurationPlatforms) = postSolution
		{ED00E4F6-34E7-4FE6-99F2-23B76A28490E}.Debug|Any CPU.ActiveCfg = Debug|Any CPU
		{ED00E4F6-34E7-4FE6-99F2-23B76A28490E}.Debug|Any CPU.Build.0 = Debug|Any CPU
		{ED00E4F6-34E7-4FE6-99F2-23B76A28490E}.Release|Any CPU.ActiveCfg = Release|Any CPU
		{ED00E4F6-34E7-4FE6-99F2-23B76A28490E}.Release|Any CPU.Build.0 = Release|Any CPU
		{C1B82069-C2E7-4CD2-B2F5-0EE1AF2D34C9}.Debug|Any CPU.ActiveCfg = Debug|Any CPU
		{C1B82069-C2E7-4CD2-B2F5-0EE1AF2D34C9}.Debug|Any CPU.Build.0 = Debug|Any CPU
		{C1B82069-C2E7-4CD2-B2F5-0EE1AF2D34C9}.Release|Any CPU.ActiveCfg = Release|Any CPU
		{C1B82069-C2E7-4CD2-B2F5-0EE1AF2D34C9}.Release|Any CPU.Build.0 = Release|Any CPU
		{A073FB9B-584E-4A3B-8A17-C374D6B2E237}.Debug|Any CPU.ActiveCfg = Debug|Any CPU
		{A073FB9B-584E-4A3B-8A17-C374D6B2E237}.Debug|Any CPU.Build.0 = Debug|Any CPU
		{A073FB9B-584E-4A3B-8A17-C374D6B2E237}.Release|Any CPU.ActiveCfg = Release|Any CPU
		{A073FB9B-584E-4A3B-8A17-C374D6B2E237}.Release|Any CPU.Build.0 = Release|Any CPU
	EndGlobalSection
	GlobalSection(SolutionProperties) = preSolution
		HideSolutionNode = FALSE
	EndGlobalSection
	GlobalSection(ExtensibilityGlobals) = postSolution
		SolutionGuid = {1F0F8697-5371-4176-BF45-BC9B523D4FDC}
	EndGlobalSection
EndGlobal
